Microsoft Visual Studio Solution File, Format Version 12.00
# Visual Studio Version 17
VisualStudioVersion = 17.5.2.0
MinimumVisualStudioVersion = 10.0.40219.1
Project("{FAE04EC0-301F-11D3-BF4B-00C04F79EFBC}") = "LogisticService", "LogisticService.csproj", "{800AF93A-8D33-AAB5-EAA4-AACE305117D5}"
EndProject
Global
	GlobalSection(SolutionConfigurationPlatforms) = preSolution
		Debug|Any CPU = Debug|Any CPU
		Release|Any CPU = Release|Any CPU
	EndGlobalSection
	GlobalSection(ProjectConfigurationPlatforms) = postSolution
		{800AF93A-8D33-AAB5-EAA4-AACE305117D5}.Debug|Any CPU.ActiveCfg = Debug|Any CPU
		{800AF93A-8D33-AAB5-EAA4-AACE305117D5}.Debug|Any CPU.Build.0 = Debug|Any CPU
		{800AF93A-8D33-AAB5-EAA4-AACE305117D5}.Release|Any CPU.ActiveCfg = Release|Any CPU
		{800AF93A-8D33-AAB5-EAA4-AACE305117D5}.Release|Any CPU.Build.0 = Release|Any CPU
	EndGlobalSection
	GlobalSection(SolutionProperties) = preSolution
		HideSolutionNode = FALSE
	EndGlobalSection
	GlobalSection(ExtensibilityGlobals) = postSolution
		SolutionGuid = {0ACB94F3-A9BB-45F4-9D30-52201D991486}
	EndGlobalSection
EndGlobal
